// !$*UTF8*$!
{
	archiveVersion = 1;
	classes = {
	};
	objectVersion = 50;
	objects = {

/* Begin PBXBuildFile section */
		04F6AAB12645B387006A0575 /* AppDelegate.swift in Sources */ = {isa = PBXBuildFile; fileRef = 04F6AAB02645B387006A0575 /* AppDelegate.swift */; };
		04F6AAB32645B387006A0575 /* SceneDelegate.swift in Sources */ = {isa = PBXBuildFile; fileRef = 04F6AAB22645B387006A0575 /* SceneDelegate.swift */; };
		04F6AAB52645B387006A0575 /* ViewController.swift in Sources */ = {isa = PBXBuildFile; fileRef = 04F6AAB42645B387006A0575 /* ViewController.swift */; };
		04F6AABA2645B38A006A0575 /* Assets.xcassets in Resources */ = {isa = PBXBuildFile; fileRef = 04F6AAB92645B38A006A0575 /* Assets.xcassets */; };
		04F6AABD2645B38A006A0575 /* LaunchScreen.storyboard in Resources */ = {isa = PBXBuildFile; fileRef = 04F6AABB2645B38A006A0575 /* LaunchScreen.storyboard */; };
		04F6AACA26469259006A0575 /* SecondPageVIewController.swift in Sources */ = {isa = PBXBuildFile; fileRef = 04F6AAC926469259006A0575 /* SecondPageVIewController.swift */; };
		04F6AAD4264724D9006A0575 /* SignInViewViewController.swift in Sources */ = {isa = PBXBuildFile; fileRef = 04F6AAD3264724D9006A0575 /* SignInViewViewController.swift */; };
		04F6AAD72647EFC5006A0575 /* allSetViewController.swift in Sources */ = {isa = PBXBuildFile; fileRef = 04F6AAD62647EFC5006A0575 /* allSetViewController.swift */; };
		04F6AADA2647F155006A0575 /* profileViewController.swift in Sources */ = {isa = PBXBuildFile; fileRef = 04F6AAD92647F155006A0575 /* profileViewController.swift */; };
		04F6AAE0264A055A006A0575 /* Extensions.swift in Sources */ = {isa = PBXBuildFile; fileRef = 04F6AADF264A055A006A0575 /* Extensions.swift */; };
/* End PBXBuildFile section */

/* Begin PBXFileReference section */
		04F6AAAD2645B387006A0575 /* CowryWiseReplica.app */ = {isa = PBXFileReference; explicitFileType = wrapper.application; includeInIndex = 0; path = CowryWiseReplica.app; sourceTree = BUILT_PRODUCTS_DIR; };
		04F6AAB02645B387006A0575 /* AppDelegate.swift */ = {isa = PBXFileReference; lastKnownFileType = sourcecode.swift; path = AppDelegate.swift; sourceTree = "<group>"; };
		04F6AAB22645B387006A0575 /* SceneDelegate.swift */ = {isa = PBXFileReference; lastKnownFileType = sourcecode.swift; path = SceneDelegate.swift; sourceTree = "<group>"; };
		04F6AAB42645B387006A0575 /* ViewController.swift */ = {isa = PBXFileReference; lastKnownFileType = sourcecode.swift; path = ViewController.swift; sourceTree = "<group>"; };
		04F6AAB92645B38A006A0575 /* Assets.xcassets */ = {isa = PBXFileReference; lastKnownFileType = folder.assetcatalog; path = Assets.xcassets; sourceTree = "<group>"; };
		04F6AABC2645B38A006A0575 /* Base */ = {isa = PBXFileReference; lastKnownFileType = file.storyboard; name = Base; path = Base.lproj/LaunchScreen.storyboard; sourceTree = "<group>"; };
		04F6AABE2645B38A006A0575 /* Info.plist */ = {isa = PBXFileReference; lastKnownFileType = text.plist.xml; path = Info.plist; sourceTree = "<group>"; };
		04F6AAC926469259006A0575 /* SecondPageVIewController.swift */ = {isa = PBXFileReference; lastKnownFileType = sourcecode.swift; path = SecondPageVIewController.swift; sourceTree = "<group>"; };
		04F6AAD3264724D9006A0575 /* SignInViewViewController.swift */ = {isa = PBXFileReference; lastKnownFileType = sourcecode.swift; path = SignInViewViewController.swift; sourceTree = "<group>"; };
		04F6AAD62647EFC5006A0575 /* allSetViewController.swift */ = {isa = PBXFileReference; lastKnownFileType = sourcecode.swift; path = allSetViewController.swift; sourceTree = "<group>"; };
		04F6AAD92647F155006A0575 /* profileViewController.swift */ = {isa = PBXFileReference; lastKnownFileType = sourcecode.swift; path = profileViewController.swift; sourceTree = "<group>"; };
		04F6AADF264A055A006A0575 /* Extensions.swift */ = {isa = PBXFileReference; lastKnownFileType = sourcecode.swift; path = Extensions.swift; sourceTree = "<group>"; };
/* End PBXFileReference section */

/* Begin PBXFrameworksBuildPhase section */
		04F6AAAA2645B387006A0575 /* Frameworks */ = {
			isa = PBXFrameworksBuildPhase;
			buildActionMask = 2147483647;
			files = (
			);
			runOnlyForDeploymentPostprocessing = 0;
		};
/* End PBXFrameworksBuildPhase section */

/* Begin PBXGroup section */
		04F6AAA42645B387006A0575 = {
			isa = PBXGroup;
			children = (
				04F6AAAF2645B387006A0575 /* CowryWiseReplica */,
				04F6AAAE2645B387006A0575 /* Products */,
			);
			sourceTree = "<group>";
		};
		04F6AAAE2645B387006A0575 /* Products */ = {
			isa = PBXGroup;
			children = (
				04F6AAAD2645B387006A0575 /* CowryWiseReplica.app */,
			);
			name = Products;
			sourceTree = "<group>";
		};
		04F6AAAF2645B387006A0575 /* CowryWiseReplica */ = {
			isa = PBXGroup;
			children = (
				04F6AAB02645B387006A0575 /* AppDelegate.swift */,
				04F6AAB22645B387006A0575 /* SceneDelegate.swift */,
				04F6AAB42645B387006A0575 /* ViewController.swift */,
				04F6AAC926469259006A0575 /* SecondPageVIewController.swift */,
				04F6AAD3264724D9006A0575 /* SignInViewViewController.swift */,
				04F6AADF264A055A006A0575 /* Extensions.swift */,
				04F6AAD62647EFC5006A0575 /* allSetViewController.swift */,
				04F6AAD92647F155006A0575 /* profileViewController.swift */,
				04F6AAB92645B38A006A0575 /* Assets.xcassets */,
				04F6AABB2645B38A006A0575 /* LaunchScreen.storyboard */,
				04F6AABE2645B38A006A0575 /* Info.plist */,
			);
			path = CowryWiseReplica;
			sourceTree = "<group>";
		};
/* End PBXGroup section */

/* Begin PBXNativeTarget section */
		04F6AAAC2645B387006A0575 /* CowryWiseReplica */ = {
			isa = PBXNativeTarget;
			buildConfigurationList = 04F6AAC12645B38A006A0575 /* Build configuration list for PBXNativeTarget "CowryWiseReplica" */;
			buildPhases = (
				04F6AAA92645B387006A0575 /* Sources */,
				04F6AAAA2645B387006A0575 /* Frameworks */,
				04F6AAAB2645B387006A0575 /* Resources */,
			);
			buildRules = (
			);
			dependencies = (
			);
			name = CowryWiseReplica;
			productName = CowryWiseReplica;
			productReference = 04F6AAAD2645B387006A0575 /* CowryWiseReplica.app */;
			productType = "com.apple.product-type.application";
		};
/* End PBXNativeTarget section */

/* Begin PBXProject section */
		04F6AAA52645B387006A0575 /* Project object */ = {
			isa = PBXProject;
			attributes = {
				LastSwiftUpdateCheck = 1240;
				LastUpgradeCheck = 1240;
				TargetAttributes = {
					04F6AAAC2645B387006A0575 = {
						CreatedOnToolsVersion = 12.4;
					};
				};
			};
			buildConfigurationList = 04F6AAA82645B387006A0575 /* Build configuration list for PBXProject "CowryWiseReplica" */;
			compatibilityVersion = "Xcode 9.3";
			developmentRegion = en;
			hasScannedForEncodings = 0;
			knownRegions = (
				en,
				Base,
			);
			mainGroup = 04F6AAA42645B387006A0575;
			productRefGroup = 04F6AAAE2645B387006A0575 /* Products */;
			projectDirPath = "";
			projectRoot = "";
			targets = (
				04F6AAAC2645B387006A0575 /* CowryWiseReplica */,
			);
		};
/* End PBXProject section */

/* Begin PBXResourcesBuildPhase section */
		04F6AAAB2645B387006A0575 /* Resources */ = {
			isa = PBXResourcesBuildPhase;
			buildActionMask = 2147483647;
			files = (
				04F6AABD2645B38A006A0575 /* LaunchScreen.storyboard in Resources */,
				04F6AABA2645B38A006A0575 /* Assets.xcassets in Resources */,
			);
			runOnlyForDeploymentPostprocessing = 0;
		};
/* End PBXResourcesBuildPhase section */

/* Begin PBXSourcesBuildPhase section */
		04F6AAA92645B387006A0575 /* Sources */ = {
			isa = PBXSourcesBuildPhase;
			buildActionMask = 2147483647;
			files = (
				04F6AAB52645B387006A0575 /* ViewController.swift in Sources */,
				04F6AAD72647EFC5006A0575 /* allSetViewController.swift in Sources */,
				04F6AADA2647F155006A0575 /* profileViewController.swift in Sources */,
				04F6AAE0264A055A006A0575 /* Extensions.swift in Sources */,
				04F6AACA26469259006A0575 /* SecondPageVIewController.swift in Sources */,
				04F6AAD4264724D9006A0575 /* SignInViewViewController.swift in Sources */,
				04F6AAB12645B387006A0575 /* AppDelegate.swift in Sources */,
				04F6AAB32645B387006A0575 /* SceneDelegate.swift in Sources */,
			);
			runOnlyForDeploymentPostprocessing = 0;
		};
/* End PBXSourcesBuildPhase section */

/* Begin PBXVariantGroup section */
		04F6AABB2645B38A006A0575 /* LaunchScreen.storyboard */ = {
			isa = PBXVariantGroup;
			children = (
				04F6AABC2645B38A006A0575 /* Base */,
			);
			name = LaunchScreen.storyboard;
			sourceTree = "<group>";
		};
/* End PBXVariantGroup section */

/* Begin XCBuildConfiguration section */
		04F6AABF2645B38A006A0575 /* Debug */ = {
			isa = XCBuildConfiguration;
			buildSettings = {
				ALWAYS_SEARCH_USER_PATHS = NO;
				CLANG_ANALYZER_NONNULL = YES;
				CLANG_ANALYZER_NUMBER_OBJECT_CONVERSION = YES_AGGRESSIVE;
				CLANG_CXX_LANGUAGE_STANDARD = "gnu++14";
				CLANG_CXX_LIBRARY = "libc++";
				CLANG_ENABLE_MODULES = YES;
				CLANG_ENABLE_OBJC_ARC = YES;
				CLANG_ENABLE_OBJC_WEAK = YES;
				CLANG_WARN_BLOCK_CAPTURE_AUTORELEASING = YES;
				CLANG_WARN_BOOL_CONVERSION = YES;
				CLANG_WARN_COMMA = YES;
				CLANG_WARN_CONSTANT_CONVERSION = YES;
				CLANG_WARN_DEPRECATED_OBJC_IMPLEMENTATIONS = YES;
				CLANG_WARN_DIRECT_OBJC_ISA_USAGE = YES_ERROR;
				CLANG_WARN_DOCUMENTATION_COMMENTS = YES;
				CLANG_WARN_EMPTY_BODY = YES;
				CLANG_WARN_ENUM_CONVERSION = YES;
				CLANG_WARN_INFINITE_RECURSION = YES;
				CLANG_WARN_INT_CONVERSION = YES;
				CLANG_WARN_NON_LITERAL_NULL_CONVERSION = YES;
				CLANG_WARN_OBJC_IMPLICIT_RETAIN_SELF = YES;
				CLANG_WARN_OBJC_LITERAL_CONVERSION = YES;
				CLANG_WARN_OBJC_ROOT_CLASS = YES_ERROR;
				CLANG_WARN_QUOTED_INCLUDE_IN_FRAMEWORK_HEADER = YES;
				CLANG_WARN_RANGE_LOOP_ANALYSIS = YES;
				CLANG_WARN_STRICT_PROTOTYPES = YES;
				CLANG_WARN_SUSPICIOUS_MOVE = YES;
				CLANG_WARN_UNGUARDED_AVAILABILITY = YES_AGGRESSIVE;
				CLANG_WARN_UNREACHABLE_CODE = YES;
				CLANG_WARN__DUPLICATE_METHOD_MATCH = YES;
				COPY_PHASE_STRIP = NO;
				DEBUG_INFORMATION_FORMAT = dwarf;
				ENABLE_STRICT_OBJC_MSGSEND = YES;
				ENABLE_TESTABILITY = YES;
				GCC_C_LANGUAGE_STANDARD = gnu11;
				GCC_DYNAMIC_NO_PIC = NO;
				GCC_NO_COMMON_BLOCKS = YES;
				GCC_OPTIMIZATION_LEVEL = 0;
				GCC_PREPROCESSOR_DEFINITIONS = (
					"DEBUG=1",
					"$(inherited)",
				);
				GCC_WARN_64_TO_32_BIT_CONVERSION = YES;
				GCC_WARN_ABOUT_RETURN_TYPE = YES_ERROR;
				GCC_WARN_UNDECLARED_SELECTOR = YES;
				GCC_WARN_UNINITIALIZED_AUTOS = YES_AGGRESSIVE;
				GCC_WARN_UNUSED_FUNCTION = YES;
				GCC_WARN_UNUSED_VARIABLE = YES;
				IPHONEOS_DEPLOYMENT_TARGET = 14.4;
				MTL_ENABLE_DEBUG_INFO = INCLUDE_SOURCE;
				MTL_FAST_MATH = YES;
				ONLY_ACTIVE_ARCH = YES;
				SDKROOT = iphoneos;
				SWIFT_ACTIVE_COMPILATION_CONDITIONS = DEBUG;
				SWIFT_OPTIMIZATION_LEVEL = "-Onone";
			};
			name = Debug;
		};
		04F6AAC02645B38A006A0575 /* Release */ = {
			isa = XCBuildConfiguration;
			buildSettings = {
				ALWAYS_SEARCH_USER_PATHS = NO;
				CLANG_ANALYZER_NONNULL = YES;
				CLANG_ANALYZER_NUMBER_OBJECT_CONVERSION = YES_AGGRESSIVE;
				CLANG_CXX_LANGUAGE_STANDARD = "gnu++14";
				CLANG_CXX_LIBRARY = "libc++";
				CLANG_ENABLE_MODULES = YES;
				CLANG_ENABLE_OBJC_ARC = YES;
				CLANG_ENABLE_OBJC_WEAK = YES;
				CLANG_WARN_BLOCK_CAPTURE_AUTORELEASING = YES;
				CLANG_WARN_BOOL_CONVERSION = YES;
				CLANG_WARN_COMMA = YES;
				CLANG_WARN_CONSTANT_CONVERSION = YES;
				CLANG_WARN_DEPRECATED_OBJC_IMPLEMENTATIONS = YES;
				CLANG_WARN_DIRECT_OBJC_ISA_USAGE = YES_ERROR;
				CLANG_WARN_DOCUMENTATION_COMMENTS = YES;
				CLANG_WARN_EMPTY_BODY = YES;
				CLANG_WARN_ENUM_CONVERSION = YES;
				CLANG_WARN_INFINITE_RECURSION = YES;
				CLANG_WARN_INT_CONVERSION = YES;
				CLANG_WARN_NON_LITERAL_NULL_CONVERSION = YES;
				CLANG_WARN_OBJC_IMPLICIT_RETAIN_SELF = YES;
				CLANG_WARN_OBJC_LITERAL_CONVERSION = YES;
				CLANG_WARN_OBJC_ROOT_CLASS = YES_ERROR;
				CLANG_WARN_QUOTED_INCLUDE_IN_FRAMEWORK_HEADER = YES;
				CLANG_WARN_RANGE_LOOP_ANALYSIS = YES;
				CLANG_WARN_STRICT_PROTOTYPES = YES;
				CLANG_WARN_SUSPICIOUS_MOVE = YES;
				CLANG_WARN_UNGUARDED_AVAILABILITY = YES_AGGRESSIVE;
				CLANG_WARN_UNREACHABLE_CODE = YES;
				CLANG_WARN__DUPLICATE_METHOD_MATCH = YES;
				COPY_PHASE_STRIP = NO;
				DEBUG_INFORMATION_FORMAT = "dwarf-with-dsym";
				ENABLE_NS_ASSERTIONS = NO;
				ENABLE_STRICT_OBJC_MSGSEND = YES;
				GCC_C_LANGUAGE_STANDARD = gnu11;
				GCC_NO_COMMON_BLOCKS = YES;
				GCC_WARN_64_TO_32_BIT_CONVERSION = YES;
				GCC_WARN_ABOUT_RETURN_TYPE = YES_ERROR;
				GCC_WARN_UNDECLARED_SELECTOR = YES;
				GCC_WARN_UNINITIALIZED_AUTOS = YES_AGGRESSIVE;
				GCC_WARN_UNUSED_FUNCTION = YES;
				GCC_WARN_UNUSED_VARIABLE = YES;
				IPHONEOS_DEPLOYMENT_TARGET = 14.4;
				MTL_ENABLE_DEBUG_INFO = NO;
				MTL_FAST_MATH = YES;
				SDKROOT = iphoneos;
				SWIFT_COMPILATION_MODE = wholemodule;
				SWIFT_OPTIMIZATION_LEVEL = "-O";
				VALIDATE_PRODUCT = YES;
			};
			name = Release;
		};
		04F6AAC22645B38A006A0575 /* Debug */ = {
			isa = XCBuildConfiguration;
			buildSettings = {
				ASSETCATALOG_COMPILER_APPICON_NAME = AppIcon;
				ASSETCATALOG_COMPILER_GLOBAL_ACCENT_COLOR_NAME = AccentColor;
				CODE_SIGN_STYLE = Automatic;
				DEVELOPMENT_TEAM = 9TLKM9XWCP;
				INFOPLIST_FILE = CowryWiseReplica/Info.plist;
				LD_RUNPATH_SEARCH_PATHS = (
					"$(inherited)",
					"@executable_path/Frameworks",
				);
				PRODUCT_BUNDLE_IDENTIFIER = Com.BoluAdesina.CowryWiseReplica;
				PRODUCT_NAME = "$(TARGET_NAME)";
				SWIFT_VERSION = 5.0;
				TARGETED_DEVICE_FAMILY = "1,2";
			};
			name = Debug;
		};
		04F6AAC32645B38A006A0575 /* Release */ = {
			isa = XCBuildConfiguration;
			buildSettings = {
				ASSETCATALOG_COMPILER_APPICON_NAME = AppIcon;
				ASSETCATALOG_COMPILER_GLOBAL_ACCENT_COLOR_NAME = AccentColor;
				CODE_SIGN_STYLE = Automatic;
				DEVELOPMENT_TEAM = 9TLKM9XWCP;
				INFOPLIST_FILE = CowryWiseReplica/Info.plist;
				LD_RUNPATH_SEARCH_PATHS = (
					"$(inherited)",
					"@executable_path/Frameworks",
				);
				PRODUCT_BUNDLE_IDENTIFIER = Com.BoluAdesina.CowryWiseReplica;
				PRODUCT_NAME = "$(TARGET_NAME)";
				SWIFT_VERSION = 5.0;
				TARGETED_DEVICE_FAMILY = "1,2";
			};
			name = Release;
		};
/* End XCBuildConfiguration section */

/* Begin XCConfigurationList section */
		04F6AAA82645B387006A0575 /* Build configuration list for PBXProject "CowryWiseReplica" */ = {
			isa = XCConfigurationList;
			buildConfigurations = (
				04F6AABF2645B38A006A0575 /* Debug */,
				04F6AAC02645B38A006A0575 /* Release */,
			);
			defaultConfigurationIsVisible = 0;
			defaultConfigurationName = Release;
		};
		04F6AAC12645B38A006A0575 /* Build configuration list for PBXNativeTarget "CowryWiseReplica" */ = {
			isa = XCConfigurationList;
			buildConfigurations = (
				04F6AAC22645B38A006A0575 /* Debug */,
				04F6AAC32645B38A006A0575 /* Release */,
			);
			defaultConfigurationIsVisible = 0;
			defaultConfigurationName = Release;
		};
/* End XCConfigurationList section */
	};
	rootObject = 04F6AAA52645B387006A0575 /* Project object */;
}
